
Microsoft Visual Studio Solution File, Format Version 12.00
# Visual Studio 15
VisualStudioVersion = 15.0.27004.2002
MinimumVisualStudioVersion = 10.0.40219.1
Project("{FAE04EC0-301F-11D3-BF4B-00C04F79EFBC}") = "Advisor_Sidekick_V2", "Advisor_Sidekick_V2\Advisor_Sidekick_V2.csproj", "{248AC66E-B8F2-496B-B3D6-046124C801A5}"
EndProject
Global
	GlobalSection(SolutionConfigurationPlatforms) = preSolution
		Debug|Any CPU = Debug|Any CPU
		Release|Any CPU = Release|Any CPU
	EndGlobalSection
	GlobalSection(ProjectConfigurationPlatforms) = postSolution
		{248AC66E-B8F2-496B-B3D6-046124C801A5}.Debug|Any CPU.ActiveCfg = Debug|Any CPU
		{248AC66E-B8F2-496B-B3D6-046124C801A5}.Debug|Any CPU.Build.0 = Debug|Any CPU
		{248AC66E-B8F2-496B-B3D6-046124C801A5}.Debug|Any CPU.Deploy.0 = Debug|Any CPU
		{248AC66E-B8F2-496B-B3D6-046124C801A5}.Release|Any CPU.ActiveCfg = Release|Any CPU
		{248AC66E-B8F2-496B-B3D6-046124C801A5}.Release|Any CPU.Build.0 = Release|Any CPU
		{248AC66E-B8F2-496B-B3D6-046124C801A5}.Release|Any CPU.Deploy.0 = Release|Any CPU
	EndGlobalSection
	GlobalSection(SolutionProperties) = preSolution
		HideSolutionNode = FALSE
	EndGlobalSection
	GlobalSection(ExtensibilityGlobals) = postSolution
		SolutionGuid = {793C0EC5-1E16-4FFE-9D6A-25734DA20B8A}
	EndGlobalSection
EndGlobal
